
Microsoft Visual Studio Solution File, Format Version 11.00
# Visual Studio 2010
Project("{FAE04EC0-301F-11D3-BF4B-00C04F79EFBC}") = "StoryBoardAnimationDemo", "StoryBoardAnimationDemo\StoryBoardAnimationDemo.csproj", "{d6ce64cc-c081-4f6b-9a58-8f254a7f5d17}"
EndProject
Global
	GlobalSection(SolutionConfigurationPlatforms) = preSolution
		Debug|Any CPU = Debug|Any CPU
		Release|Any CPU = Release|Any CPU
	EndGlobalSection
	GlobalSection(ProjectConfigurationPlatforms) = postSolution
		{D6CE64CC-C081-4F6B-9A58-8F254A7F5D17}.Debug|Any CPU.ActiveCfg = Debug|Any CPU
		{D6CE64CC-C081-4F6B-9A58-8F254A7F5D17}.Debug|Any CPU.Build.0 = Debug|Any CPU
		{D6CE64CC-C081-4F6B-9A58-8F254A7F5D17}.Release|Any CPU.ActiveCfg = Release|Any CPU
		{D6CE64CC-C081-4F6B-9A58-8F254A7F5D17}.Release|Any CPU.Build.0 = Release|Any CPU
	EndGlobalSection
EndGlobal
